
Microsoft Visual Studio Solution File, Format Version 12.00
# Visual Studio 14
VisualStudioVersion = 14.0.25420.1
MinimumVisualStudioVersion = 10.0.40219.1
Project("{2150E333-8FDC-42A3-9474-1A3956D46DE8}") = "src", "src", "{F6CBF94A-975E-4BE9-91CE-9AB5FCA9FE74}"
EndProject
Project("{2150E333-8FDC-42A3-9474-1A3956D46DE8}") = "Solution Items", "Solution Items", "{F2E8B8E9-5D1F-4F8A-9AA6-92CC75E6C6C3}"
	ProjectSection(SolutionItems) = preProject
		global.json = global.json
	EndProjectSection
EndProject
Project("{8BB2217D-0F2D-49D1-97BC-3654ED321F3B}") = "RestaurantNetCore", "src\dotnetcore_postgreSQL\RestaurantNetCore.xproj", "{8EE2DD1D-3243-4498-90E5-0165D83A70C3}"
EndProject
Global
	GlobalSection(SolutionConfigurationPlatforms) = preSolution
		Debug|Any CPU = Debug|Any CPU
		Release|Any CPU = Release|Any CPU
	EndGlobalSection
	GlobalSection(ProjectConfigurationPlatforms) = postSolution
		{8EE2DD1D-3243-4498-90E5-0165D83A70C3}.Debug|Any CPU.ActiveCfg = Debug|Any CPU
		{8EE2DD1D-3243-4498-90E5-0165D83A70C3}.Debug|Any CPU.Build.0 = Debug|Any CPU
		{8EE2DD1D-3243-4498-90E5-0165D83A70C3}.Release|Any CPU.ActiveCfg = Release|Any CPU
		{8EE2DD1D-3243-4498-90E5-0165D83A70C3}.Release|Any CPU.Build.0 = Release|Any CPU
	EndGlobalSection
	GlobalSection(SolutionProperties) = preSolution
		HideSolutionNode = FALSE
	EndGlobalSection
	GlobalSection(NestedProjects) = preSolution
		{8EE2DD1D-3243-4498-90E5-0165D83A70C3} = {F6CBF94A-975E-4BE9-91CE-9AB5FCA9FE74}
	EndGlobalSection
EndGlobal
